
Microsoft Visual Studio Solution File, Format Version 12.00
# Visual Studio Version 16
VisualStudioVersion = 16.0.29009.5
MinimumVisualStudioVersion = 10.0.40219.1
Project("{FAE04EC0-301F-11D3-BF4B-00C04F79EFBC}") = "CheckServiceState", "CheckServiceState\CheckServiceState.csproj", "{B4265451-1D18-4F30-AF23-D32DC6B33BEB}"
EndProject
Global
	GlobalSection(SolutionConfigurationPlatforms) = preSolution
		Debug|Any CPU = Debug|Any CPU
		Release|Any CPU = Release|Any CPU
	EndGlobalSection
	GlobalSection(ProjectConfigurationPlatforms) = postSolution
		{B4265451-1D18-4F30-AF23-D32DC6B33BEB}.Debug|Any CPU.ActiveCfg = Debug|Any CPU
		{B4265451-1D18-4F30-AF23-D32DC6B33BEB}.Debug|Any CPU.Build.0 = Debug|Any CPU
		{B4265451-1D18-4F30-AF23-D32DC6B33BEB}.Release|Any CPU.ActiveCfg = Release|Any CPU
		{B4265451-1D18-4F30-AF23-D32DC6B33BEB}.Release|Any CPU.Build.0 = Release|Any CPU
	EndGlobalSection
	GlobalSection(SolutionProperties) = preSolution
		HideSolutionNode = FALSE
	EndGlobalSection
	GlobalSection(ExtensibilityGlobals) = postSolution
		SolutionGuid = {3CF72466-0CF4-4B85-A75E-9128A3131E86}
	EndGlobalSection
EndGlobal
